
Microsoft Visual Studio Solution File, Format Version 12.00
# Visual Studio 14
VisualStudioVersion = 14.0.25420.1
MinimumVisualStudioVersion = 10.0.40219.1
Project("{FAE04EC0-301F-11D3-BF4B-00C04F79EFBC}") = "PokerKata", "PokerKata\PokerKata.csproj", "{287CDF2A-0B5B-46BE-97DE-F2BEA0EB1C9C}"
EndProject
Project("{FAE04EC0-301F-11D3-BF4B-00C04F79EFBC}") = "PokerTests", "PokerTests\PokerTests.csproj", "{FC8B31F7-C766-431E-B9E6-D9FE6F7917E9}"
EndProject
Global
	GlobalSection(SolutionConfigurationPlatforms) = preSolution
		Debug|Any CPU = Debug|Any CPU
		Release|Any CPU = Release|Any CPU
	EndGlobalSection
	GlobalSection(ProjectConfigurationPlatforms) = postSolution
		{287CDF2A-0B5B-46BE-97DE-F2BEA0EB1C9C}.Debug|Any CPU.ActiveCfg = Debug|Any CPU
		{287CDF2A-0B5B-46BE-97DE-F2BEA0EB1C9C}.Debug|Any CPU.Build.0 = Debug|Any CPU
		{287CDF2A-0B5B-46BE-97DE-F2BEA0EB1C9C}.Release|Any CPU.ActiveCfg = Release|Any CPU
		{287CDF2A-0B5B-46BE-97DE-F2BEA0EB1C9C}.Release|Any CPU.Build.0 = Release|Any CPU
		{FC8B31F7-C766-431E-B9E6-D9FE6F7917E9}.Debug|Any CPU.ActiveCfg = Debug|Any CPU
		{FC8B31F7-C766-431E-B9E6-D9FE6F7917E9}.Debug|Any CPU.Build.0 = Debug|Any CPU
		{FC8B31F7-C766-431E-B9E6-D9FE6F7917E9}.Release|Any CPU.ActiveCfg = Release|Any CPU
		{FC8B31F7-C766-431E-B9E6-D9FE6F7917E9}.Release|Any CPU.Build.0 = Release|Any CPU
	EndGlobalSection
	GlobalSection(SolutionProperties) = preSolution
		HideSolutionNode = FALSE
	EndGlobalSection
EndGlobal
